
Microsoft Visual Studio Solution File, Format Version 12.00
# Visual Studio 14
VisualStudioVersion = 14.0.25420.1
MinimumVisualStudioVersion = 10.0.40219.1
Project("{FAE04EC0-301F-11D3-BF4B-00C04F79EFBC}") = "XlsxSaxExporter", "XlsxSaxExporter\XlsxSaxExporter.csproj", "{3E56319A-E634-4E03-8A96-A608B8FF83F2}"
EndProject
Project("{FAE04EC0-301F-11D3-BF4B-00C04F79EFBC}") = "ConsoleApp", "ConsoleApp\ConsoleApp.csproj", "{74C33902-515C-456B-9653-5073D60BC613}"
EndProject
Global
	GlobalSection(SolutionConfigurationPlatforms) = preSolution
		Debug|Any CPU = Debug|Any CPU
		Release|Any CPU = Release|Any CPU
	EndGlobalSection
	GlobalSection(ProjectConfigurationPlatforms) = postSolution
		{3E56319A-E634-4E03-8A96-A608B8FF83F2}.Debug|Any CPU.ActiveCfg = Debug|Any CPU
		{3E56319A-E634-4E03-8A96-A608B8FF83F2}.Debug|Any CPU.Build.0 = Debug|Any CPU
		{3E56319A-E634-4E03-8A96-A608B8FF83F2}.Release|Any CPU.ActiveCfg = Release|Any CPU
		{3E56319A-E634-4E03-8A96-A608B8FF83F2}.Release|Any CPU.Build.0 = Release|Any CPU
		{74C33902-515C-456B-9653-5073D60BC613}.Debug|Any CPU.ActiveCfg = Debug|Any CPU
		{74C33902-515C-456B-9653-5073D60BC613}.Debug|Any CPU.Build.0 = Debug|Any CPU
		{74C33902-515C-456B-9653-5073D60BC613}.Release|Any CPU.ActiveCfg = Release|Any CPU
		{74C33902-515C-456B-9653-5073D60BC613}.Release|Any CPU.Build.0 = Release|Any CPU
	EndGlobalSection
	GlobalSection(SolutionProperties) = preSolution
		HideSolutionNode = FALSE
	EndGlobalSection
EndGlobal
